
Microsoft Visual Studio Solution File, Format Version 12.00
Project("{FAE04EC0-301F-11D3-BF4B-00C04F79EFBC}") = "TestingMSAGL", "TestingMSAGL\TestingMSAGL.csproj", "{5F41DE82-3293-4BE5-B9E7-82B2711FEEEC}"
EndProject
Global
	GlobalSection(SolutionConfigurationPlatforms) = preSolution
		Debug|Any CPU = Debug|Any CPU
		Release|Any CPU = Release|Any CPU
	EndGlobalSection
	GlobalSection(ProjectConfigurationPlatforms) = postSolution
		{5F41DE82-3293-4BE5-B9E7-82B2711FEEEC}.Debug|Any CPU.ActiveCfg = Debug|Any CPU
		{5F41DE82-3293-4BE5-B9E7-82B2711FEEEC}.Debug|Any CPU.Build.0 = Debug|Any CPU
		{5F41DE82-3293-4BE5-B9E7-82B2711FEEEC}.Release|Any CPU.ActiveCfg = Release|Any CPU
		{5F41DE82-3293-4BE5-B9E7-82B2711FEEEC}.Release|Any CPU.Build.0 = Release|Any CPU
	EndGlobalSection
EndGlobal
