
Microsoft Visual Studio Solution File, Format Version 12.00
# Visual Studio Version 17
VisualStudioVersion = 17.0.32112.339
MinimumVisualStudioVersion = 10.0.40219.1
Project("{FAE04EC0-301F-11D3-BF4B-00C04F79EFBC}") = "ComplexEditor", "TestingMSAGL\ComplexEditor.csproj", "{5F41DE82-3293-4BE5-B9E7-82B2711FEEEC}"
EndProject
Project("{9A19103F-16F7-4668-BE54-9A1E7A4F7556}") = "OclAspectTest", "..\HTW-PP-Core\OclAspectTest\OclAspectTest.csproj", "{98484DA9-C3B5-43CC-AC68-B664C524D1F1}"
EndProject
Global
	GlobalSection(SolutionConfigurationPlatforms) = preSolution
		Debug|Any CPU = Debug|Any CPU
		Release|Any CPU = Release|Any CPU
	EndGlobalSection
	GlobalSection(ProjectConfigurationPlatforms) = postSolution
		{5F41DE82-3293-4BE5-B9E7-82B2711FEEEC}.Debug|Any CPU.ActiveCfg = Debug|Any CPU
		{5F41DE82-3293-4BE5-B9E7-82B2711FEEEC}.Debug|Any CPU.Build.0 = Debug|Any CPU
		{5F41DE82-3293-4BE5-B9E7-82B2711FEEEC}.Release|Any CPU.ActiveCfg = Release|Any CPU
		{5F41DE82-3293-4BE5-B9E7-82B2711FEEEC}.Release|Any CPU.Build.0 = Release|Any CPU
		{98484DA9-C3B5-43CC-AC68-B664C524D1F1}.Debug|Any CPU.ActiveCfg = Debug|Any CPU
		{98484DA9-C3B5-43CC-AC68-B664C524D1F1}.Debug|Any CPU.Build.0 = Debug|Any CPU
		{98484DA9-C3B5-43CC-AC68-B664C524D1F1}.Release|Any CPU.ActiveCfg = Release|Any CPU
		{98484DA9-C3B5-43CC-AC68-B664C524D1F1}.Release|Any CPU.Build.0 = Release|Any CPU
	EndGlobalSection
	GlobalSection(SolutionProperties) = preSolution
		HideSolutionNode = FALSE
	EndGlobalSection
	GlobalSection(ExtensibilityGlobals) = postSolution
		SolutionGuid = {1C2731A1-FBA7-4250-9F66-341028E936BF}
	EndGlobalSection
EndGlobal
